# This file was autogenerated by Stack.
# You should not edit this file by hand.
# For more information, please see the documentation at:
#   https://docs.haskellstack.org/en/stable/lock_files

packages:
- completed:
    hackage: czipwith-1.0.1.0@sha256:30751c5a92488304863f20403cd8e9d4fee2b5def0b656a3d979aa3331a09c00,1652
    pantry-tree:
      size: 323
      sha256: acd60968c5a1945741204751243f88d1af1c152018c2d9575f62c0805825f44f
  original:
    hackage: czipwith-1.0.1.0
- completed:
    hackage: butcher-1.3.1.1@sha256:d5734df2e42c28c5a8419eb8251cc531e5f5e6a13794b2ae1dac04abd1c359ad,3242
    pantry-tree:
      size: 1197
      sha256: 057b5c8aa0211951337d87cda1f3d4c6f049945314f6fc7883394eebac79be5b
  original:
    hackage: butcher-1.3.1.1
- completed:
    hackage: ghc-exactprint-0.5.8.0@sha256:71915a08a7d442d39a63cb3b0fbd90b7dacd19bc4b05bac5c53b6e8a0d931b7b,7728
    pantry-tree:
      size: 83871
      sha256: 3998143d33f7de29b31e8cf8d1b207c1fb4962f819fc820e209e1eecbf7e5a35
  original:
    hackage: ghc-exactprint-0.5.8.0
snapshots:
- completed:
    size: 505335
    url: https://raw.githubusercontent.com/commercialhaskell/stackage-snapshots/master/lts/11/1.yaml
    sha256: 59c853f993e736f430ad20d03eb5441c715d84359c035de906f970841887a8f8
  original: lts-11.1
