# This file was autogenerated by Stack.
# You should not edit this file by hand.
# For more information, please see the documentation at:
#   https://docs.haskellstack.org/en/stable/lock_files

packages: []
snapshots:
- completed:
    size: 533252
    url: https://raw.githubusercontent.com/commercialhaskell/stackage-snapshots/master/lts/16/25.yaml
    sha256: 147598b98bdd95ec0409bac125a4f1bff3cd4f8d73334d283d098f66a4bcc053
  original: lts-16.25
