# This file was autogenerated by Stack.
# You should not edit this file by hand.
# For more information, please see the documentation at:
#   https://docs.haskellstack.org/en/stable/lock_files

packages:
- completed:
    hackage: butcher-1.3.2.1@sha256:cf479ea83a08f4f59a482e7c023c70714e7c93c1ccd7d53fe076ad3f1a3d2b8d,3115
    pantry-tree:
      size: 1197
      sha256: dc4bd6adc5f8bd3589533659b62567da78b6956d7098e561c0523c60fcaa0406
  original:
    hackage: butcher-1.3.2.1
- completed:
    hackage: multistate-0.8.0.1@sha256:496ac087a0df3984045d7460b981d5e868a49e160b60a6555f6799e81e58542d,3700
    pantry-tree:
      size: 2143
      sha256: 0136d5fcddee0244c3bc73b4ae1b489134a1dd12a8978f437b2be81e98f5d8bd
  original:
    hackage: multistate-0.8.0.1
snapshots:
- completed:
    size: 498398
    url: https://raw.githubusercontent.com/commercialhaskell/stackage-snapshots/master/lts/13/23.yaml
    sha256: 63151ca76f39d5cfbd266ce019236459fdda53fbefd2200aedeb33bcc81f808e
  original: lts-13.23
