# This file was autogenerated by Stack.
# You should not edit this file by hand.
# For more information, please see the documentation at:
#   https://docs.haskellstack.org/en/stable/lock_files

packages:
- completed:
    hackage: monad-memo-0.4.1@sha256:d7575b0c89ad21818ca5746170d10a3b92f01fdf9028fa37d3a370e42b24b38b,3672
    pantry-tree:
      size: 1823
      sha256: 8d7bcc8a8bce43804613a160fd7f0fea7869a54e530a9f1b9f9e853ec4e00b57
  original:
    hackage: monad-memo-0.4.1
- completed:
    hackage: czipwith-1.0.1.0@sha256:30751c5a92488304863f20403cd8e9d4fee2b5def0b656a3d979aa3331a09c00,1652
    pantry-tree:
      size: 323
      sha256: acd60968c5a1945741204751243f88d1af1c152018c2d9575f62c0805825f44f
  original:
    hackage: czipwith-1.0.1.0
- completed:
    hackage: butcher-1.3.1.1@sha256:d5734df2e42c28c5a8419eb8251cc531e5f5e6a13794b2ae1dac04abd1c359ad,3242
    pantry-tree:
      size: 1197
      sha256: 057b5c8aa0211951337d87cda1f3d4c6f049945314f6fc7883394eebac79be5b
  original:
    hackage: butcher-1.3.1.1
- completed:
    hackage: data-tree-print-0.1.0.0@sha256:6610723626501d3ab65dc2290c0de59de8d042caf72a1db1e0cd01e84d229346,1547
    pantry-tree:
      size: 272
      sha256: caa741fd498f754b42d45a16aae455056d5e71df51e960fce1579b8e8b6496ad
  original:
    hackage: data-tree-print-0.1.0.0
- completed:
    hackage: deque-0.2@sha256:a9736298cd04472924b3b681b3791c99e8b6009a6e5df1ff13dd57457109ad43,877
    pantry-tree:
      size: 205
      sha256: c48e1f58dfac107ba9dd8d159d4c033fd72521de678204788e3f01f7a2e17546
  original:
    hackage: deque-0.2
- completed:
    hackage: ghc-exactprint-0.5.8.0@sha256:71915a08a7d442d39a63cb3b0fbd90b7dacd19bc4b05bac5c53b6e8a0d931b7b,7728
    pantry-tree:
      size: 83871
      sha256: 3998143d33f7de29b31e8cf8d1b207c1fb4962f819fc820e209e1eecbf7e5a35
  original:
    hackage: ghc-exactprint-0.5.8.0
snapshots:
- completed:
    size: 533451
    url: https://raw.githubusercontent.com/commercialhaskell/stackage-snapshots/master/lts/9/0.yaml
    sha256: 27f29b231b39ea68e967a7a4346b2693a49d77c50f41fc0c276e11189a538da7
  original: lts-9.0
