# This file was autogenerated by Stack.
# You should not edit this file by hand.
# For more information, please see the documentation at:
#   https://docs.haskellstack.org/en/stable/lock_files

packages:
- completed:
    hackage: multistate-0.8.0.2@sha256:fbb0d8ade9ef73c8ed92488f5804d0ebe75d3a9c24bf53452bc3a4f32b34cb2e,3713
    pantry-tree:
      size: 2143
      sha256: 1753828d37b456e1e0241766d893b29f385ef7769fa79610f507b747935b77cb
  original:
    hackage: multistate-0.8.0.2
- completed:
    hackage: butcher-1.3.2.3@sha256:1b8040eddb6da2a05426bf9f6c56b078e629228d64d7d61fb3daa88802487e1b,3262
    pantry-tree:
      size: 1197
      sha256: 6bf3a318bd8689bd1fa7a8084c0d96372768d2dc3e30d9aa58d07741ed6816e6
  original:
    hackage: butcher-1.3.2.3
- completed:
    hackage: deque-0.4.2.3@sha256:7cc8ddfc77df351ff9c16e838ccdb4a89f055c80a3111e27eba8d90e8edde7d0,1853
    pantry-tree:
      size: 807
      sha256: 7f584c71e9e912935f829cb4667411ae3c3048fcd8b935170fb5a45188019403
  original:
    hackage: deque-0.4.2.3
- completed:
    hackage: strict-list-0.1.4@sha256:0fa869e2c21b710b7133e8628169f120fe6299342628edd3d5087ded299bc941,1631
    pantry-tree:
      size: 340
      sha256: bbb22fd014867dc48697ddd8598d4a9fb03fa2d58ef79bed94f208a9b6d94224
  original:
    hackage: strict-list-0.1.4
- completed:
    hackage: ghc-exactprint-0.6.2@sha256:d822f64351e9a8e03d9bad35c8fdf558d30dc396801b396c52b5d5bffaee9108,8368
    pantry-tree:
      size: 85384
      sha256: d904de9c01e58bfa091d7caa09e0423e9d2932b7b3490c4d83140731f4473877
  original:
    hackage: ghc-exactprint-0.6.2
snapshots:
- completed:
    size: 499461
    url: https://raw.githubusercontent.com/commercialhaskell/stackage-snapshots/master/lts/13/25.yaml
    sha256: aed98969628e20615e96b06083c933c7e3354ae56b08b75e607a26569225d6c0
  original: lts-13.25
