# This file was autogenerated by Stack.
# You should not edit this file by hand.
# For more information, please see the documentation at:
#   https://docs.haskellstack.org/en/stable/lock_files

packages:
- completed:
    hackage: ghc-exactprint-0.5.8.1@sha256:f76eed0976b854ce03928796e9cff97769e304618ca99bc0f6cdccab31e539d0,7728
    pantry-tree:
      size: 83871
      sha256: 14febc191ef8b0d1f218d13e8db9ed20395f10a5b3d8aa2c0d45869a037420a2
  original:
    hackage: ghc-exactprint-0.5.8.1
snapshots:
- completed:
    size: 504336
    url: https://raw.githubusercontent.com/commercialhaskell/stackage-snapshots/master/lts/12/12.yaml
    sha256: 11db5c37144d13fe6b56cd511050b4e6ffe988f6edb8e439c2432fc9fcdf50c3
  original: lts-12.12
